
Microsoft Visual Studio Solution File, Format Version 12.00
# Visual Studio Version 17
VisualStudioVersion = 17.5.33516.290
MinimumVisualStudioVersion = 10.0.40219.1
Project("{FAE04EC0-301F-11D3-BF4B-00C04F79EFBC}") = "H5UkolCviceni", "H5UkolCviceni\H5UkolCviceni.csproj", "{23CE140F-C593-4D23-8379-37E88586737B}"
EndProject
Global
	GlobalSection(SolutionConfigurationPlatforms) = preSolution
		Debug|Any CPU = Debug|Any CPU
		Release|Any CPU = Release|Any CPU
	EndGlobalSection
	GlobalSection(ProjectConfigurationPlatforms) = postSolution
		{23CE140F-C593-4D23-8379-37E88586737B}.Debug|Any CPU.ActiveCfg = Debug|Any CPU
		{23CE140F-C593-4D23-8379-37E88586737B}.Debug|Any CPU.Build.0 = Debug|Any CPU
		{23CE140F-C593-4D23-8379-37E88586737B}.Release|Any CPU.ActiveCfg = Release|Any CPU
		{23CE140F-C593-4D23-8379-37E88586737B}.Release|Any CPU.Build.0 = Release|Any CPU
	EndGlobalSection
	GlobalSection(SolutionProperties) = preSolution
		HideSolutionNode = FALSE
	EndGlobalSection
	GlobalSection(ExtensibilityGlobals) = postSolution
		SolutionGuid = {82EC4E8A-2167-41F5-8597-93D181F956BA}
	EndGlobalSection
EndGlobal
